// !$*UTF8*$!
{
	archiveVersion = 1;
	classes = {
	};
	objectVersion = 50;
	objects = {

/* Begin PBXBuildFile section */
		FA71493C23E6DB3700AC81BB /* Book.cpp in Sources */ = {isa = PBXBuildFile; fileRef = FA71493A23E6DB3700AC81BB /* Book.cpp */; };
		FA71493F23E6DE0300AC81BB /* BookManagement.cpp in Sources */ = {isa = PBXBuildFile; fileRef = FA71493D23E6DE0300AC81BB /* BookManagement.cpp */; };
		FA9341C623E66EFC00D21906 /* main.cpp in Sources */ = {isa = PBXBuildFile; fileRef = FA9341C523E66EFC00D21906 /* main.cpp */; };
		FA9341D123E6703B00D21906 /* Person.cpp in Sources */ = {isa = PBXBuildFile; fileRef = FA9341CF23E6703B00D21906 /* Person.cpp */; };
		FA9341D723E6758700D21906 /* Reader.cpp in Sources */ = {isa = PBXBuildFile; fileRef = FA9341D523E6758700D21906 /* Reader.cpp */; };
/* End PBXBuildFile section */

/* Begin PBXCopyFilesBuildPhase section */
		FA9341C023E66EFC00D21906 /* CopyFiles */ = {
			isa = PBXCopyFilesBuildPhase;
			buildActionMask = 2147483647;
			dstPath = /usr/share/man/man1/;
			dstSubfolderSpec = 0;
			files = (
			);
			runOnlyForDeploymentPostprocessing = 1;
		};
/* End PBXCopyFilesBuildPhase section */

/* Begin PBXFileReference section */
		FA71493A23E6DB3700AC81BB /* Book.cpp */ = {isa = PBXFileReference; lastKnownFileType = sourcecode.cpp.cpp; path = Book.cpp; sourceTree = "<group>"; };
		FA71493B23E6DB3700AC81BB /* Book.hpp */ = {isa = PBXFileReference; lastKnownFileType = sourcecode.cpp.h; path = Book.hpp; sourceTree = "<group>"; };
		FA71493D23E6DE0300AC81BB /* BookManagement.cpp */ = {isa = PBXFileReference; lastKnownFileType = sourcecode.cpp.cpp; path = BookManagement.cpp; sourceTree = "<group>"; };
		FA71493E23E6DE0300AC81BB /* BookManagement.hpp */ = {isa = PBXFileReference; lastKnownFileType = sourcecode.cpp.h; path = BookManagement.hpp; sourceTree = "<group>"; };
		FA9341C223E66EFC00D21906 /* LibraryManagement */ = {isa = PBXFileReference; explicitFileType = "compiled.mach-o.executable"; includeInIndex = 0; path = LibraryManagement; sourceTree = BUILT_PRODUCTS_DIR; };
		FA9341C523E66EFC00D21906 /* main.cpp */ = {isa = PBXFileReference; lastKnownFileType = sourcecode.cpp.cpp; path = main.cpp; sourceTree = "<group>"; };
		FA9341CF23E6703B00D21906 /* Person.cpp */ = {isa = PBXFileReference; lastKnownFileType = sourcecode.cpp.cpp; path = Person.cpp; sourceTree = "<group>"; };
		FA9341D023E6703B00D21906 /* Person.hpp */ = {isa = PBXFileReference; lastKnownFileType = sourcecode.cpp.h; path = Person.hpp; sourceTree = "<group>"; };
		FA9341D523E6758700D21906 /* Reader.cpp */ = {isa = PBXFileReference; lastKnownFileType = sourcecode.cpp.cpp; path = Reader.cpp; sourceTree = "<group>"; };
		FA9341D623E6758700D21906 /* Reader.hpp */ = {isa = PBXFileReference; lastKnownFileType = sourcecode.cpp.h; path = Reader.hpp; sourceTree = "<group>"; };
/* End PBXFileReference section */

/* Begin PBXFrameworksBuildPhase section */
		FA9341BF23E66EFC00D21906 /* Frameworks */ = {
			isa = PBXFrameworksBuildPhase;
			buildActionMask = 2147483647;
			files = (
			);
			runOnlyForDeploymentPostprocessing = 0;
		};
/* End PBXFrameworksBuildPhase section */

/* Begin PBXGroup section */
		FA9341B923E66EFC00D21906 = {
			isa = PBXGroup;
			children = (
				FA9341C423E66EFC00D21906 /* LibraryManagement */,
				FA9341C323E66EFC00D21906 /* Products */,
			);
			sourceTree = "<group>";
		};
		FA9341C323E66EFC00D21906 /* Products */ = {
			isa = PBXGroup;
			children = (
				FA9341C223E66EFC00D21906 /* LibraryManagement */,
			);
			name = Products;
			sourceTree = "<group>";
		};
		FA9341C423E66EFC00D21906 /* LibraryManagement */ = {
			isa = PBXGroup;
			children = (
				FA9341C523E66EFC00D21906 /* main.cpp */,
				FA9341D023E6703B00D21906 /* Person.hpp */,
				FA9341CF23E6703B00D21906 /* Person.cpp */,
				FA9341D523E6758700D21906 /* Reader.cpp */,
				FA9341D623E6758700D21906 /* Reader.hpp */,
				FA71493A23E6DB3700AC81BB /* Book.cpp */,
				FA71493B23E6DB3700AC81BB /* Book.hpp */,
				FA71493D23E6DE0300AC81BB /* BookManagement.cpp */,
				FA71493E23E6DE0300AC81BB /* BookManagement.hpp */,
			);
			path = LibraryManagement;
			sourceTree = "<group>";
		};
/* End PBXGroup section */

/* Begin PBXNativeTarget section */
		FA9341C123E66EFC00D21906 /* LibraryManagement */ = {
			isa = PBXNativeTarget;
			buildConfigurationList = FA9341C923E66EFC00D21906 /* Build configuration list for PBXNativeTarget "LibraryManagement" */;
			buildPhases = (
				FA9341BE23E66EFC00D21906 /* Sources */,
				FA9341BF23E66EFC00D21906 /* Frameworks */,
				FA9341C023E66EFC00D21906 /* CopyFiles */,
			);
			buildRules = (
			);
			dependencies = (
			);
			name = LibraryManagement;
			productName = LibraryManagement;
			productReference = FA9341C223E66EFC00D21906 /* LibraryManagement */;
			productType = "com.apple.product-type.tool";
		};
/* End PBXNativeTarget section */

/* Begin PBXProject section */
		FA9341BA23E66EFC00D21906 /* Project object */ = {
			isa = PBXProject;
			attributes = {
				LastUpgradeCheck = 1130;
				ORGANIZATIONNAME = "Nguyen Duc Hoang";
				TargetAttributes = {
					FA9341C123E66EFC00D21906 = {
						CreatedOnToolsVersion = 11.3.1;
					};
				};
			};
			buildConfigurationList = FA9341BD23E66EFC00D21906 /* Build configuration list for PBXProject "LibraryManagement" */;
			compatibilityVersion = "Xcode 9.3";
			developmentRegion = en;
			hasScannedForEncodings = 0;
			knownRegions = (
				en,
				Base,
			);
			mainGroup = FA9341B923E66EFC00D21906;
			productRefGroup = FA9341C323E66EFC00D21906 /* Products */;
			projectDirPath = "";
			projectRoot = "";
			targets = (
				FA9341C123E66EFC00D21906 /* LibraryManagement */,
			);
		};
/* End PBXProject section */

/* Begin PBXSourcesBuildPhase section */
		FA9341BE23E66EFC00D21906 /* Sources */ = {
			isa = PBXSourcesBuildPhase;
			buildActionMask = 2147483647;
			files = (
				FA71493C23E6DB3700AC81BB /* Book.cpp in Sources */,
				FA71493F23E6DE0300AC81BB /* BookManagement.cpp in Sources */,
				FA9341D123E6703B00D21906 /* Person.cpp in Sources */,
				FA9341D723E6758700D21906 /* Reader.cpp in Sources */,
				FA9341C623E66EFC00D21906 /* main.cpp in Sources */,
			);
			runOnlyForDeploymentPostprocessing = 0;
		};
/* End PBXSourcesBuildPhase section */

/* Begin XCBuildConfiguration section */
		FA9341C723E66EFC00D21906 /* Debug */ = {
			isa = XCBuildConfiguration;
			buildSettings = {
				ALWAYS_SEARCH_USER_PATHS = NO;
				CLANG_ANALYZER_NONNULL = YES;
				CLANG_ANALYZER_NUMBER_OBJECT_CONVERSION = YES_AGGRESSIVE;
				CLANG_CXX_LANGUAGE_STANDARD = "gnu++14";
				CLANG_CXX_LIBRARY = "libc++";
				CLANG_ENABLE_MODULES = YES;
				CLANG_ENABLE_OBJC_ARC = YES;
				CLANG_ENABLE_OBJC_WEAK = YES;
				CLANG_WARN_BLOCK_CAPTURE_AUTORELEASING = YES;
				CLANG_WARN_BOOL_CONVERSION = YES;
				CLANG_WARN_COMMA = YES;
				CLANG_WARN_CONSTANT_CONVERSION = YES;
				CLANG_WARN_DEPRECATED_OBJC_IMPLEMENTATIONS = YES;
				CLANG_WARN_DIRECT_OBJC_ISA_USAGE = YES_ERROR;
				CLANG_WARN_DOCUMENTATION_COMMENTS = YES;
				CLANG_WARN_EMPTY_BODY = YES;
				CLANG_WARN_ENUM_CONVERSION = YES;
				CLANG_WARN_INFINITE_RECURSION = YES;
				CLANG_WARN_INT_CONVERSION = YES;
				CLANG_WARN_NON_LITERAL_NULL_CONVERSION = YES;
				CLANG_WARN_OBJC_IMPLICIT_RETAIN_SELF = YES;
				CLANG_WARN_OBJC_LITERAL_CONVERSION = YES;
				CLANG_WARN_OBJC_ROOT_CLASS = YES_ERROR;
				CLANG_WARN_RANGE_LOOP_ANALYSIS = YES;
				CLANG_WARN_STRICT_PROTOTYPES = YES;
				CLANG_WARN_SUSPICIOUS_MOVE = YES;
				CLANG_WARN_UNGUARDED_AVAILABILITY = YES_AGGRESSIVE;
				CLANG_WARN_UNREACHABLE_CODE = YES;
				CLANG_WARN__DUPLICATE_METHOD_MATCH = YES;
				COPY_PHASE_STRIP = NO;
				DEBUG_INFORMATION_FORMAT = dwarf;
				ENABLE_STRICT_OBJC_MSGSEND = YES;
				ENABLE_TESTABILITY = YES;
				GCC_C_LANGUAGE_STANDARD = gnu11;
				GCC_DYNAMIC_NO_PIC = NO;
				GCC_NO_COMMON_BLOCKS = YES;
				GCC_OPTIMIZATION_LEVEL = 0;
				GCC_PREPROCESSOR_DEFINITIONS = (
					"DEBUG=1",
					"$(inherited)",
				);
				GCC_WARN_64_TO_32_BIT_CONVERSION = YES;
				GCC_WARN_ABOUT_RETURN_TYPE = YES_ERROR;
				GCC_WARN_UNDECLARED_SELECTOR = YES;
				GCC_WARN_UNINITIALIZED_AUTOS = YES_AGGRESSIVE;
				GCC_WARN_UNUSED_FUNCTION = YES;
				GCC_WARN_UNUSED_VARIABLE = YES;
				MACOSX_DEPLOYMENT_TARGET = 10.15;
				MTL_ENABLE_DEBUG_INFO = INCLUDE_SOURCE;
				MTL_FAST_MATH = YES;
				ONLY_ACTIVE_ARCH = YES;
				SDKROOT = macosx;
			};
			name = Debug;
		};
		FA9341C823E66EFC00D21906 /* Release */ = {
			isa = XCBuildConfiguration;
			buildSettings = {
				ALWAYS_SEARCH_USER_PATHS = NO;
				CLANG_ANALYZER_NONNULL = YES;
				CLANG_ANALYZER_NUMBER_OBJECT_CONVERSION = YES_AGGRESSIVE;
				CLANG_CXX_LANGUAGE_STANDARD = "gnu++14";
				CLANG_CXX_LIBRARY = "libc++";
				CLANG_ENABLE_MODULES = YES;
				CLANG_ENABLE_OBJC_ARC = YES;
				CLANG_ENABLE_OBJC_WEAK = YES;
				CLANG_WARN_BLOCK_CAPTURE_AUTORELEASING = YES;
				CLANG_WARN_BOOL_CONVERSION = YES;
				CLANG_WARN_COMMA = YES;
				CLANG_WARN_CONSTANT_CONVERSION = YES;
				CLANG_WARN_DEPRECATED_OBJC_IMPLEMENTATIONS = YES;
				CLANG_WARN_DIRECT_OBJC_ISA_USAGE = YES_ERROR;
				CLANG_WARN_DOCUMENTATION_COMMENTS = YES;
				CLANG_WARN_EMPTY_BODY = YES;
				CLANG_WARN_ENUM_CONVERSION = YES;
				CLANG_WARN_INFINITE_RECURSION = YES;
				CLANG_WARN_INT_CONVERSION = YES;
				CLANG_WARN_NON_LITERAL_NULL_CONVERSION = YES;
				CLANG_WARN_OBJC_IMPLICIT_RETAIN_SELF = YES;
				CLANG_WARN_OBJC_LITERAL_CONVERSION = YES;
				CLANG_WARN_OBJC_ROOT_CLASS = YES_ERROR;
				CLANG_WARN_RANGE_LOOP_ANALYSIS = YES;
				CLANG_WARN_STRICT_PROTOTYPES = YES;
				CLANG_WARN_SUSPICIOUS_MOVE = YES;
				CLANG_WARN_UNGUARDED_AVAILABILITY = YES_AGGRESSIVE;
				CLANG_WARN_UNREACHABLE_CODE = YES;
				CLANG_WARN__DUPLICATE_METHOD_MATCH = YES;
				COPY_PHASE_STRIP = NO;
				DEBUG_INFORMATION_FORMAT = "dwarf-with-dsym";
				ENABLE_NS_ASSERTIONS = NO;
				ENABLE_STRICT_OBJC_MSGSEND = YES;
				GCC_C_LANGUAGE_STANDARD = gnu11;
				GCC_NO_COMMON_BLOCKS = YES;
				GCC_WARN_64_TO_32_BIT_CONVERSION = YES;
				GCC_WARN_ABOUT_RETURN_TYPE = YES_ERROR;
				GCC_WARN_UNDECLARED_SELECTOR = YES;
				GCC_WARN_UNINITIALIZED_AUTOS = YES_AGGRESSIVE;
				GCC_WARN_UNUSED_FUNCTION = YES;
				GCC_WARN_UNUSED_VARIABLE = YES;
				MACOSX_DEPLOYMENT_TARGET = 10.15;
				MTL_ENABLE_DEBUG_INFO = NO;
				MTL_FAST_MATH = YES;
				SDKROOT = macosx;
			};
			name = Release;
		};
		FA9341CA23E66EFC00D21906 /* Debug */ = {
			isa = XCBuildConfiguration;
			buildSettings = {
				CODE_SIGN_STYLE = Automatic;
				DEVELOPMENT_TEAM = CH6RC35PCB;
				ENABLE_HARDENED_RUNTIME = YES;
				PRODUCT_NAME = "$(TARGET_NAME)";
			};
			name = Debug;
		};
		FA9341CB23E66EFC00D21906 /* Release */ = {
			isa = XCBuildConfiguration;
			buildSettings = {
				CODE_SIGN_STYLE = Automatic;
				DEVELOPMENT_TEAM = CH6RC35PCB;
				ENABLE_HARDENED_RUNTIME = YES;
				PRODUCT_NAME = "$(TARGET_NAME)";
			};
			name = Release;
		};
/* End XCBuildConfiguration section */

/* Begin XCConfigurationList section */
		FA9341BD23E66EFC00D21906 /* Build configuration list for PBXProject "LibraryManagement" */ = {
			isa = XCConfigurationList;
			buildConfigurations = (
				FA9341C723E66EFC00D21906 /* Debug */,
				FA9341C823E66EFC00D21906 /* Release */,
			);
			defaultConfigurationIsVisible = 0;
			defaultConfigurationName = Release;
		};
		FA9341C923E66EFC00D21906 /* Build configuration list for PBXNativeTarget "LibraryManagement" */ = {
			isa = XCConfigurationList;
			buildConfigurations = (
				FA9341CA23E66EFC00D21906 /* Debug */,
				FA9341CB23E66EFC00D21906 /* Release */,
			);
			defaultConfigurationIsVisible = 0;
			defaultConfigurationName = Release;
		};
/* End XCConfigurationList section */
	};
	rootObject = FA9341BA23E66EFC00D21906 /* Project object */;
}
